
Microsoft Visual Studio Solution File, Format Version 12.00
# Visual Studio Version 17
VisualStudioVersion = 17.1.32421.90
MinimumVisualStudioVersion = 10.0.40219.1
Project("{FAE04EC0-301F-11D3-BF4B-00C04F79EFBC}") = "WpfText", "WpfText.csproj", "{4624317B-53C6-4185-994A-1B9054625881}"
EndProject
Global
	GlobalSection(SolutionConfigurationPlatforms) = preSolution
		Debug|Any CPU = Debug|Any CPU
		Release|Any CPU = Release|Any CPU
	EndGlobalSection
	GlobalSection(ProjectConfigurationPlatforms) = postSolution
		{4624317B-53C6-4185-994A-1B9054625881}.Debug|Any CPU.ActiveCfg = Debug|Any CPU
		{4624317B-53C6-4185-994A-1B9054625881}.Debug|Any CPU.Build.0 = Debug|Any CPU
		{4624317B-53C6-4185-994A-1B9054625881}.Release|Any CPU.ActiveCfg = Release|Any CPU
		{4624317B-53C6-4185-994A-1B9054625881}.Release|Any CPU.Build.0 = Release|Any CPU
	EndGlobalSection
	GlobalSection(SolutionProperties) = preSolution
		HideSolutionNode = FALSE
	EndGlobalSection
	GlobalSection(ExtensibilityGlobals) = postSolution
		SolutionGuid = {74C66FD8-EB1D-4D4B-B82F-3413B05015EB}
	EndGlobalSection
EndGlobal
